
Microsoft Visual Studio Solution File, Format Version 12.00
# Visual Studio Version 16
VisualStudioVersion = 16.0.29911.84
MinimumVisualStudioVersion = 10.0.40219.1
Project("{9A19103F-16F7-4668-BE54-9A1E7A4F7556}") = "SpaceShooter", "SpaceShooter\SpaceShooter.csproj", "{C479A776-2E20-458B-A043-1D08BA6C6128}"
EndProject
Project("{E53339B2-1760-4266-BCC7-CA923CBCF16C}") = "docker-compose", "docker-compose.dcproj", "{811E94F3-55C0-43C7-B7E2-FC98C83E2B46}"
EndProject
Global
	GlobalSection(SolutionConfigurationPlatforms) = preSolution
		Debug|Any CPU = Debug|Any CPU
		Release|Any CPU = Release|Any CPU
	EndGlobalSection
	GlobalSection(ProjectConfigurationPlatforms) = postSolution
		{C479A776-2E20-458B-A043-1D08BA6C6128}.Debug|Any CPU.ActiveCfg = Debug|Any CPU
		{C479A776-2E20-458B-A043-1D08BA6C6128}.Debug|Any CPU.Build.0 = Debug|Any CPU
		{C479A776-2E20-458B-A043-1D08BA6C6128}.Release|Any CPU.ActiveCfg = Release|Any CPU
		{C479A776-2E20-458B-A043-1D08BA6C6128}.Release|Any CPU.Build.0 = Release|Any CPU
		{811E94F3-55C0-43C7-B7E2-FC98C83E2B46}.Debug|Any CPU.ActiveCfg = Debug|Any CPU
		{811E94F3-55C0-43C7-B7E2-FC98C83E2B46}.Debug|Any CPU.Build.0 = Debug|Any CPU
		{811E94F3-55C0-43C7-B7E2-FC98C83E2B46}.Release|Any CPU.ActiveCfg = Release|Any CPU
		{811E94F3-55C0-43C7-B7E2-FC98C83E2B46}.Release|Any CPU.Build.0 = Release|Any CPU
	EndGlobalSection
	GlobalSection(SolutionProperties) = preSolution
		HideSolutionNode = FALSE
	EndGlobalSection
	GlobalSection(ExtensibilityGlobals) = postSolution
		SolutionGuid = {F34C3433-4031-41EC-ABC8-57A1ADDDBA1E}
	EndGlobalSection
EndGlobal
